// !$*UTF8*$!
{
	archiveVersion = 1;
	classes = {
	};
	objectVersion = 56;
	objects = {

/* Begin PBXBuildFile section */
		1D5032D78FC9E87CC9038918 /* Pods_PokedexTests.framework in Frameworks */ = {isa = PBXBuildFile; fileRef = 1F7523607EB3CE9D0D3B27AC /* Pods_PokedexTests.framework */; };
		2825698E87A706E31E161714 /* Pods_Pokedex_PokedexUITests.framework in Frameworks */ = {isa = PBXBuildFile; fileRef = C3145703D86DDC3D2E7321E7 /* Pods_Pokedex_PokedexUITests.framework */; };
		310CE5A82C0AA36F006BADA3 /* SortType.swift in Sources */ = {isa = PBXBuildFile; fileRef = 310CE5A72C0AA36F006BADA3 /* SortType.swift */; };
		310CE5AA2C0AA42B006BADA3 /* SortTab.swift in Sources */ = {isa = PBXBuildFile; fileRef = 310CE5A92C0AA42B006BADA3 /* SortTab.swift */; };
		310CE5AC2C0AB387006BADA3 /* FilterTab.swift in Sources */ = {isa = PBXBuildFile; fileRef = 310CE5AB2C0AB387006BADA3 /* FilterTab.swift */; };
		312598892C05F6E60036D5F8 /* String.swift in Sources */ = {isa = PBXBuildFile; fileRef = 312598882C05F6E60036D5F8 /* String.swift */; };
		3125988B2C0603AE0036D5F8 /* GetPokemonBackgroundColor.swift in Sources */ = {isa = PBXBuildFile; fileRef = 3125988A2C0603AE0036D5F8 /* GetPokemonBackgroundColor.swift */; };
		3125988F2C069AE70036D5F8 /* GetPokemonsByGenerationUseCase.swift in Sources */ = {isa = PBXBuildFile; fileRef = 3125988E2C069AE70036D5F8 /* GetPokemonsByGenerationUseCase.swift */; };
		312598922C069B270036D5F8 /* UseCase.swift in Sources */ = {isa = PBXBuildFile; fileRef = 312598912C069B270036D5F8 /* UseCase.swift */; };
		312598952C06B0E90036D5F8 /* HomeController.swift in Sources */ = {isa = PBXBuildFile; fileRef = 312598942C06B0E90036D5F8 /* HomeController.swift */; };
		312598972C06B40D0036D5F8 /* HomeView.swift in Sources */ = {isa = PBXBuildFile; fileRef = 312598962C06B40D0036D5F8 /* HomeView.swift */; };
		316A8EDC2C3C9DFB00BE2506 /* GetPercentageLabel.swift in Sources */ = {isa = PBXBuildFile; fileRef = 316A8EDB2C3C9DFB00BE2506 /* GetPercentageLabel.swift */; };
		316C3A0E2C03D848008951CC /* GetPokemonsByGenerationQuery.graphql.swift in Sources */ = {isa = PBXBuildFile; fileRef = 316C39FD2C03D848008951CC /* GetPokemonsByGenerationQuery.graphql.swift */; };
		316C3A172C03D848008951CC /* SchemaConfiguration.swift in Sources */ = {isa = PBXBuildFile; fileRef = 316C3A092C03D848008951CC /* SchemaConfiguration.swift */; };
		316C3A182C03D848008951CC /* SchemaMetadata.graphql.swift in Sources */ = {isa = PBXBuildFile; fileRef = 316C3A0A2C03D848008951CC /* SchemaMetadata.graphql.swift */; };
		316C3A192C03D848008951CC /* PokeAPI.graphql.swift in Sources */ = {isa = PBXBuildFile; fileRef = 316C3A0C2C03D848008951CC /* PokeAPI.graphql.swift */; };
		316CD6EE2C1BC82A00B8AE9B /* GetPokemonDamageRelation.swift in Sources */ = {isa = PBXBuildFile; fileRef = 316CD6ED2C1BC82A00B8AE9B /* GetPokemonDamageRelation.swift */; };
		316E022F2C226F95006AE206 /* OnceAppear.swift in Sources */ = {isa = PBXBuildFile; fileRef = 316E022E2C226F95006AE206 /* OnceAppear.swift */; };
		316F91702C0BBAA500108B2A /* FilterParemetersEntity.swift in Sources */ = {isa = PBXBuildFile; fileRef = 316F916F2C0BBAA500108B2A /* FilterParemetersEntity.swift */; };
		3170650B2C32C820002E1777 /* PokemonBaseStatInfo.swift in Sources */ = {isa = PBXBuildFile; fileRef = 3170650A2C32C820002E1777 /* PokemonBaseStatInfo.swift */; };
		3170650D2C32F834002E1777 /* GetDamageRelationLabel.swift in Sources */ = {isa = PBXBuildFile; fileRef = 3170650C2C32F834002E1777 /* GetDamageRelationLabel.swift */; };
		3170650F2C331CF1002E1777 /* PokemonEvolutionEntity.swift in Sources */ = {isa = PBXBuildFile; fileRef = 3170650E2C331CF1002E1777 /* PokemonEvolutionEntity.swift */; };
		317130922C1E00DD00601017 /* PokemonCard.swift in Sources */ = {isa = PBXBuildFile; fileRef = 317130912C1E00DD00601017 /* PokemonCard.swift */; };
		317130942C1E079200601017 /* PokemonPage.swift in Sources */ = {isa = PBXBuildFile; fileRef = 317130932C1E079200601017 /* PokemonPage.swift */; };
		317130D32C1FB99200601017 /* ScrollDetector.swift in Sources */ = {isa = PBXBuildFile; fileRef = 317130D22C1FB99200601017 /* ScrollDetector.swift */; };
		3177097B2C23C3D700AD60C2 /* StrokeText.swift in Sources */ = {isa = PBXBuildFile; fileRef = 3177097A2C23C3D700AD60C2 /* StrokeText.swift */; };
		317D168D2C02002A0092AFA1 /* PokedexPokemonBadge.swift in Sources */ = {isa = PBXBuildFile; fileRef = 317D168C2C02002A0092AFA1 /* PokedexPokemonBadge.swift */; };
		317D16902C0235010092AFA1 /* GetPokemonColor.swift in Sources */ = {isa = PBXBuildFile; fileRef = 317D168F2C0235010092AFA1 /* GetPokemonColor.swift */; };
		317D16922C0236820092AFA1 /* PokedexIconButton.swift in Sources */ = {isa = PBXBuildFile; fileRef = 317D16912C0236820092AFA1 /* PokedexIconButton.swift */; };
		317D16952C024A020092AFA1 /* PokemonType.swift in Sources */ = {isa = PBXBuildFile; fileRef = 317D16942C024A020092AFA1 /* PokemonType.swift */; };
		317D16972C024A410092AFA1 /* PokemonWeight.swift in Sources */ = {isa = PBXBuildFile; fileRef = 317D16962C024A410092AFA1 /* PokemonWeight.swift */; };
		317D16992C024ACF0092AFA1 /* PokemonHeight.swift in Sources */ = {isa = PBXBuildFile; fileRef = 317D16982C024ACF0092AFA1 /* PokemonHeight.swift */; };
		317D169B2C024B3F0092AFA1 /* GetPokemonHeightColor.swift in Sources */ = {isa = PBXBuildFile; fileRef = 317D169A2C024B3F0092AFA1 /* GetPokemonHeightColor.swift */; };
		317D169D2C024C2D0092AFA1 /* GetPokemonWeightColor.swift in Sources */ = {isa = PBXBuildFile; fileRef = 317D169C2C024C2D0092AFA1 /* GetPokemonWeightColor.swift */; };
		317D16A22C0253520092AFA1 /* GenerationButton.swift in Sources */ = {isa = PBXBuildFile; fileRef = 317D16A12C0253520092AFA1 /* GenerationButton.swift */; };
		317D16A42C0293930092AFA1 /* PokemonListItem.swift in Sources */ = {isa = PBXBuildFile; fileRef = 317D16A32C0293930092AFA1 /* PokemonListItem.swift */; };
		317D16A72C0294DE0092AFA1 /* ApolloClient.swift in Sources */ = {isa = PBXBuildFile; fileRef = 317D16A62C0294DE0092AFA1 /* ApolloClient.swift */; };
		31835A6C2C3494D30047D414 /* Pokemon_v2_pokemonspecies.graphql.swift in Sources */ = {isa = PBXBuildFile; fileRef = 31835A5A2C3494D30047D414 /* Pokemon_v2_pokemonspecies.graphql.swift */; };
		31835A6D2C3494D30047D414 /* Pokemon_v2_pokemonspeciesflavortext.graphql.swift in Sources */ = {isa = PBXBuildFile; fileRef = 31835A5B2C3494D30047D414 /* Pokemon_v2_pokemonspeciesflavortext.graphql.swift */; };
		31835A6E2C3494D30047D414 /* Pokemon_v2_growthrate.graphql.swift in Sources */ = {isa = PBXBuildFile; fileRef = 31835A5C2C3494D30047D414 /* Pokemon_v2_growthrate.graphql.swift */; };
		31835A6F2C3494D30047D414 /* Pokemon_v2_generation.graphql.swift in Sources */ = {isa = PBXBuildFile; fileRef = 31835A5D2C3494D30047D414 /* Pokemon_v2_generation.graphql.swift */; };
		31835A702C3494D30047D414 /* Pokemon_v2_ability.graphql.swift in Sources */ = {isa = PBXBuildFile; fileRef = 31835A5E2C3494D30047D414 /* Pokemon_v2_ability.graphql.swift */; };
		31835A712C3494D30047D414 /* Pokemon_v2_pokemonstat.graphql.swift in Sources */ = {isa = PBXBuildFile; fileRef = 31835A5F2C3494D30047D414 /* Pokemon_v2_pokemonstat.graphql.swift */; };
		31835A722C3494D30047D414 /* Pokemon_v2_pokemontype.graphql.swift in Sources */ = {isa = PBXBuildFile; fileRef = 31835A602C3494D30047D414 /* Pokemon_v2_pokemontype.graphql.swift */; };
		31835A732C3494D30047D414 /* Query_root.graphql.swift in Sources */ = {isa = PBXBuildFile; fileRef = 31835A612C3494D30047D414 /* Query_root.graphql.swift */; };
		31835A742C3494D30047D414 /* Pokemon_v2_pokemonegggroup.graphql.swift in Sources */ = {isa = PBXBuildFile; fileRef = 31835A622C3494D30047D414 /* Pokemon_v2_pokemonegggroup.graphql.swift */; };
		31835A752C3494D30047D414 /* Pokemon_v2_type.graphql.swift in Sources */ = {isa = PBXBuildFile; fileRef = 31835A632C3494D30047D414 /* Pokemon_v2_type.graphql.swift */; };
		31835A762C3494D30047D414 /* Pokemon_v2_pokemonevolution.graphql.swift in Sources */ = {isa = PBXBuildFile; fileRef = 31835A642C3494D30047D414 /* Pokemon_v2_pokemonevolution.graphql.swift */; };
		31835A772C3494D30047D414 /* Pokemon_v2_version.graphql.swift in Sources */ = {isa = PBXBuildFile; fileRef = 31835A652C3494D30047D414 /* Pokemon_v2_version.graphql.swift */; };
		31835A782C3494D30047D414 /* Pokemon_v2_pokemon.graphql.swift in Sources */ = {isa = PBXBuildFile; fileRef = 31835A662C3494D30047D414 /* Pokemon_v2_pokemon.graphql.swift */; };
		31835A792C3494D30047D414 /* Pokemon_v2_pokemonability.graphql.swift in Sources */ = {isa = PBXBuildFile; fileRef = 31835A672C3494D30047D414 /* Pokemon_v2_pokemonability.graphql.swift */; };
		31835A7A2C3494D30047D414 /* Pokemon_v2_stat.graphql.swift in Sources */ = {isa = PBXBuildFile; fileRef = 31835A682C3494D30047D414 /* Pokemon_v2_stat.graphql.swift */; };
		31835A7B2C3494D30047D414 /* Pokemon_v2_evolutionchain.graphql.swift in Sources */ = {isa = PBXBuildFile; fileRef = 31835A692C3494D30047D414 /* Pokemon_v2_evolutionchain.graphql.swift */; };
		31835A7C2C3494D30047D414 /* Pokemon_v2_encounter.graphql.swift in Sources */ = {isa = PBXBuildFile; fileRef = 31835A6A2C3494D30047D414 /* Pokemon_v2_encounter.graphql.swift */; };
		31835A7D2C3494D30047D414 /* Pokemon_v2_egggroup.graphql.swift in Sources */ = {isa = PBXBuildFile; fileRef = 31835A6B2C3494D30047D414 /* Pokemon_v2_egggroup.graphql.swift */; };
		31835A7F2C3497C70047D414 /* PokemonStatEntity.swift in Sources */ = {isa = PBXBuildFile; fileRef = 31835A7E2C3497C70047D414 /* PokemonStatEntity.swift */; };
		31844AD12C3DAB1B00ABCB7F /* LaunchScreen.storyboard in Resources */ = {isa = PBXBuildFile; fileRef = 31844AD02C3DAB1B00ABCB7F /* LaunchScreen.storyboard */; };
		31922F402C001C4A00F9F032 /* PokedexApp.swift in Sources */ = {isa = PBXBuildFile; fileRef = 31922F3F2C001C4A00F9F032 /* PokedexApp.swift */; };
		31922F442C001C4A00F9F032 /* Assets.xcassets in Resources */ = {isa = PBXBuildFile; fileRef = 31922F432C001C4A00F9F032 /* Assets.xcassets */; };
		31922F472C001C4A00F9F032 /* Preview Assets.xcassets in Resources */ = {isa = PBXBuildFile; fileRef = 31922F462C001C4A00F9F032 /* Preview Assets.xcassets */; };
		31922F512C001C4B00F9F032 /* PokedexTests.swift in Sources */ = {isa = PBXBuildFile; fileRef = 31922F502C001C4B00F9F032 /* PokedexTests.swift */; };
		31922F5B2C001C4B00F9F032 /* PokedexUITests.swift in Sources */ = {isa = PBXBuildFile; fileRef = 31922F5A2C001C4B00F9F032 /* PokedexUITests.swift */; };
		31922F5D2C001C4B00F9F032 /* PokedexUITestsLaunchTests.swift in Sources */ = {isa = PBXBuildFile; fileRef = 31922F5C2C001C4B00F9F032 /* PokedexUITestsLaunchTests.swift */; };
		31922F712C0021F100F9F032 /* SF-Pro-Display-Medium.otf in Resources */ = {isa = PBXBuildFile; fileRef = 31922F6E2C0021F100F9F032 /* SF-Pro-Display-Medium.otf */; };
		31922F722C0021F100F9F032 /* SF-Pro-Display-Bold.otf in Resources */ = {isa = PBXBuildFile; fileRef = 31922F6F2C0021F100F9F032 /* SF-Pro-Display-Bold.otf */; };
		31922F732C0021F100F9F032 /* SF-Pro-Display-Regular.otf in Resources */ = {isa = PBXBuildFile; fileRef = 31922F702C0021F100F9F032 /* SF-Pro-Display-Regular.otf */; };
		31922F772C0023A700F9F032 /* Typography.swift in Sources */ = {isa = PBXBuildFile; fileRef = 31922F762C0023A700F9F032 /* Typography.swift */; };
		319913952C093B6600DACFF6 /* LoadingState.swift in Sources */ = {isa = PBXBuildFile; fileRef = 319913942C093B6600DACFF6 /* LoadingState.swift */; };
		319BB0E42C01408E00A43AC4 /* PokedexButton.swift in Sources */ = {isa = PBXBuildFile; fileRef = 319BB0E32C01408E00A43AC4 /* PokedexButton.swift */; };
		319BB0E62C0149E000A43AC4 /* PokedexInput.swift in Sources */ = {isa = PBXBuildFile; fileRef = 319BB0E52C0149E000A43AC4 /* PokedexInput.swift */; };
		319BB0E82C01683E00A43AC4 /* PokedexRangeSlider.swift in Sources */ = {isa = PBXBuildFile; fileRef = 319BB0E72C01683E00A43AC4 /* PokedexRangeSlider.swift */; };
		31A389D22C320D410040E24A /* PokemonTabButton.swift in Sources */ = {isa = PBXBuildFile; fileRef = 31A389D12C320D410040E24A /* PokemonTabButton.swift */; };
		31A389D42C3218190040E24A /* PokemonAboutTab.swift in Sources */ = {isa = PBXBuildFile; fileRef = 31A389D32C3218190040E24A /* PokemonAboutTab.swift */; };
		31A389D62C3218270040E24A /* PokemonStatsTab.swift in Sources */ = {isa = PBXBuildFile; fileRef = 31A389D52C3218270040E24A /* PokemonStatsTab.swift */; };
		31A389D82C3218580040E24A /* PokemonEvolutionTab.swift in Sources */ = {isa = PBXBuildFile; fileRef = 31A389D72C3218580040E24A /* PokemonEvolutionTab.swift */; };
		31A389DA2C321E570040E24A /* PokemonAboutTabLabelInfo.swift in Sources */ = {isa = PBXBuildFile; fileRef = 31A389D92C321E570040E24A /* PokemonAboutTabLabelInfo.swift */; };
		31AF2E022C3988190064CBF8 /* PokemonAbilityEntity.swift in Sources */ = {isa = PBXBuildFile; fileRef = 31AF2E012C3988190064CBF8 /* PokemonAbilityEntity.swift */; };
		31DF2AC22C056D0F009C134A /* PokemonDataSource.swift in Sources */ = {isa = PBXBuildFile; fileRef = 31DF2AC12C056D0F009C134A /* PokemonDataSource.swift */; };
		31DF2AC52C05716E009C134A /* PokemonEntity.swift in Sources */ = {isa = PBXBuildFile; fileRef = 31DF2AC42C05716E009C134A /* PokemonEntity.swift */; };
		31DF2AC72C057298009C134A /* PokemonDataSourceImpl.swift in Sources */ = {isa = PBXBuildFile; fileRef = 31DF2AC62C057298009C134A /* PokemonDataSourceImpl.swift */; };
		31E505F22C0950BB0020E0A3 /* GenerationTab.swift in Sources */ = {isa = PBXBuildFile; fileRef = 31E505F12C0950BB0020E0A3 /* GenerationTab.swift */; };
		31E505F42C0952A40020E0A3 /* PokemonGeneration.swift in Sources */ = {isa = PBXBuildFile; fileRef = 31E505F32C0952A40020E0A3 /* PokemonGeneration.swift */; };
		A197C56031C2910407E9D6D5 /* Pods_Pokedex.framework in Frameworks */ = {isa = PBXBuildFile; fileRef = 66FDE9206D056930EE5F5AE6 /* Pods_Pokedex.framework */; };
/* End PBXBuildFile section */

/* Begin PBXContainerItemProxy section */
		31922F4D2C001C4B00F9F032 /* PBXContainerItemProxy */ = {
			isa = PBXContainerItemProxy;
			containerPortal = 31922F342C001C4A00F9F032 /* Project object */;
			proxyType = 1;
			remoteGlobalIDString = 31922F3B2C001C4A00F9F032;
			remoteInfo = Pokedex;
		};
		31922F572C001C4B00F9F032 /* PBXContainerItemProxy */ = {
			isa = PBXContainerItemProxy;
			containerPortal = 31922F342C001C4A00F9F032 /* Project object */;
			proxyType = 1;
			remoteGlobalIDString = 31922F3B2C001C4A00F9F032;
			remoteInfo = Pokedex;
		};
/* End PBXContainerItemProxy section */

/* Begin PBXFileReference section */
		0686791F6AB1820257F90A59 /* Pods-PokedexTests.debug.xcconfig */ = {isa = PBXFileReference; includeInIndex = 1; lastKnownFileType = text.xcconfig; name = "Pods-PokedexTests.debug.xcconfig"; path = "Target Support Files/Pods-PokedexTests/Pods-PokedexTests.debug.xcconfig"; sourceTree = "<group>"; };
		1F7523607EB3CE9D0D3B27AC /* Pods_PokedexTests.framework */ = {isa = PBXFileReference; explicitFileType = wrapper.framework; includeInIndex = 0; path = Pods_PokedexTests.framework; sourceTree = BUILT_PRODUCTS_DIR; };
		207C7DD6FD78212B620508E6 /* Pods-Pokedex-PokedexUITests.release.xcconfig */ = {isa = PBXFileReference; includeInIndex = 1; lastKnownFileType = text.xcconfig; name = "Pods-Pokedex-PokedexUITests.release.xcconfig"; path = "Target Support Files/Pods-Pokedex-PokedexUITests/Pods-Pokedex-PokedexUITests.release.xcconfig"; sourceTree = "<group>"; };
		2AAD0F598E74946771F6B466 /* Pods-Pokedex-PokedexUITests.debug.xcconfig */ = {isa = PBXFileReference; includeInIndex = 1; lastKnownFileType = text.xcconfig; name = "Pods-Pokedex-PokedexUITests.debug.xcconfig"; path = "Target Support Files/Pods-Pokedex-PokedexUITests/Pods-Pokedex-PokedexUITests.debug.xcconfig"; sourceTree = "<group>"; };
		310CE5A72C0AA36F006BADA3 /* SortType.swift */ = {isa = PBXFileReference; lastKnownFileType = sourcecode.swift; path = SortType.swift; sourceTree = "<group>"; };
		310CE5A92C0AA42B006BADA3 /* SortTab.swift */ = {isa = PBXFileReference; lastKnownFileType = sourcecode.swift; path = SortTab.swift; sourceTree = "<group>"; };
		310CE5AB2C0AB387006BADA3 /* FilterTab.swift */ = {isa = PBXFileReference; lastKnownFileType = sourcecode.swift; path = FilterTab.swift; sourceTree = "<group>"; };
		312598882C05F6E60036D5F8 /* String.swift */ = {isa = PBXFileReference; lastKnownFileType = sourcecode.swift; path = String.swift; sourceTree = "<group>"; };
		3125988A2C0603AE0036D5F8 /* GetPokemonBackgroundColor.swift */ = {isa = PBXFileReference; lastKnownFileType = sourcecode.swift; path = GetPokemonBackgroundColor.swift; sourceTree = "<group>"; };
		3125988E2C069AE70036D5F8 /* GetPokemonsByGenerationUseCase.swift */ = {isa = PBXFileReference; lastKnownFileType = sourcecode.swift; path = GetPokemonsByGenerationUseCase.swift; sourceTree = "<group>"; };
		312598912C069B270036D5F8 /* UseCase.swift */ = {isa = PBXFileReference; lastKnownFileType = sourcecode.swift; path = UseCase.swift; sourceTree = "<group>"; };
		312598942C06B0E90036D5F8 /* HomeController.swift */ = {isa = PBXFileReference; lastKnownFileType = sourcecode.swift; path = HomeController.swift; sourceTree = "<group>"; };
		312598962C06B40D0036D5F8 /* HomeView.swift */ = {isa = PBXFileReference; lastKnownFileType = sourcecode.swift; path = HomeView.swift; sourceTree = "<group>"; };
		316A8EDB2C3C9DFB00BE2506 /* GetPercentageLabel.swift */ = {isa = PBXFileReference; lastKnownFileType = sourcecode.swift; path = GetPercentageLabel.swift; sourceTree = "<group>"; };
		316C39FD2C03D848008951CC /* GetPokemonsByGenerationQuery.graphql.swift */ = {isa = PBXFileReference; fileEncoding = 4; lastKnownFileType = sourcecode.swift; path = GetPokemonsByGenerationQuery.graphql.swift; sourceTree = "<group>"; };
		316C3A092C03D848008951CC /* SchemaConfiguration.swift */ = {isa = PBXFileReference; fileEncoding = 4; lastKnownFileType = sourcecode.swift; path = SchemaConfiguration.swift; sourceTree = "<group>"; };
		316C3A0A2C03D848008951CC /* SchemaMetadata.graphql.swift */ = {isa = PBXFileReference; fileEncoding = 4; lastKnownFileType = sourcecode.swift; path = SchemaMetadata.graphql.swift; sourceTree = "<group>"; };
		316C3A0C2C03D848008951CC /* PokeAPI.graphql.swift */ = {isa = PBXFileReference; fileEncoding = 4; lastKnownFileType = sourcecode.swift; path = PokeAPI.graphql.swift; sourceTree = "<group>"; };
		316CD6ED2C1BC82A00B8AE9B /* GetPokemonDamageRelation.swift */ = {isa = PBXFileReference; lastKnownFileType = sourcecode.swift; path = GetPokemonDamageRelation.swift; sourceTree = "<group>"; };
		316E022E2C226F95006AE206 /* OnceAppear.swift */ = {isa = PBXFileReference; lastKnownFileType = sourcecode.swift; path = OnceAppear.swift; sourceTree = "<group>"; };
		316F916F2C0BBAA500108B2A /* FilterParemetersEntity.swift */ = {isa = PBXFileReference; lastKnownFileType = sourcecode.swift; path = FilterParemetersEntity.swift; sourceTree = "<group>"; };
		3170650A2C32C820002E1777 /* PokemonBaseStatInfo.swift */ = {isa = PBXFileReference; lastKnownFileType = sourcecode.swift; path = PokemonBaseStatInfo.swift; sourceTree = "<group>"; };
		3170650C2C32F834002E1777 /* GetDamageRelationLabel.swift */ = {isa = PBXFileReference; lastKnownFileType = sourcecode.swift; path = GetDamageRelationLabel.swift; sourceTree = "<group>"; };
		3170650E2C331CF1002E1777 /* PokemonEvolutionEntity.swift */ = {isa = PBXFileReference; lastKnownFileType = sourcecode.swift; path = PokemonEvolutionEntity.swift; sourceTree = "<group>"; };
		317130912C1E00DD00601017 /* PokemonCard.swift */ = {isa = PBXFileReference; lastKnownFileType = sourcecode.swift; path = PokemonCard.swift; sourceTree = "<group>"; };
		317130932C1E079200601017 /* PokemonPage.swift */ = {isa = PBXFileReference; lastKnownFileType = sourcecode.swift; path = PokemonPage.swift; sourceTree = "<group>"; };
		317130D22C1FB99200601017 /* ScrollDetector.swift */ = {isa = PBXFileReference; lastKnownFileType = sourcecode.swift; path = ScrollDetector.swift; sourceTree = "<group>"; };
		3177097A2C23C3D700AD60C2 /* StrokeText.swift */ = {isa = PBXFileReference; lastKnownFileType = sourcecode.swift; path = StrokeText.swift; sourceTree = "<group>"; };
		317D168C2C02002A0092AFA1 /* PokedexPokemonBadge.swift */ = {isa = PBXFileReference; lastKnownFileType = sourcecode.swift; path = PokedexPokemonBadge.swift; sourceTree = "<group>"; };
		317D168F2C0235010092AFA1 /* GetPokemonColor.swift */ = {isa = PBXFileReference; lastKnownFileType = sourcecode.swift; path = GetPokemonColor.swift; sourceTree = "<group>"; };
		317D16912C0236820092AFA1 /* PokedexIconButton.swift */ = {isa = PBXFileReference; lastKnownFileType = sourcecode.swift; path = PokedexIconButton.swift; sourceTree = "<group>"; };
		317D16942C024A020092AFA1 /* PokemonType.swift */ = {isa = PBXFileReference; lastKnownFileType = sourcecode.swift; path = PokemonType.swift; sourceTree = "<group>"; };
		317D16962C024A410092AFA1 /* PokemonWeight.swift */ = {isa = PBXFileReference; lastKnownFileType = sourcecode.swift; path = PokemonWeight.swift; sourceTree = "<group>"; };
		317D16982C024ACF0092AFA1 /* PokemonHeight.swift */ = {isa = PBXFileReference; lastKnownFileType = sourcecode.swift; path = PokemonHeight.swift; sourceTree = "<group>"; };
		317D169A2C024B3F0092AFA1 /* GetPokemonHeightColor.swift */ = {isa = PBXFileReference; lastKnownFileType = sourcecode.swift; path = GetPokemonHeightColor.swift; sourceTree = "<group>"; };
		317D169C2C024C2D0092AFA1 /* GetPokemonWeightColor.swift */ = {isa = PBXFileReference; lastKnownFileType = sourcecode.swift; path = GetPokemonWeightColor.swift; sourceTree = "<group>"; };
		317D16A12C0253520092AFA1 /* GenerationButton.swift */ = {isa = PBXFileReference; lastKnownFileType = sourcecode.swift; path = GenerationButton.swift; sourceTree = "<group>"; };
		317D16A32C0293930092AFA1 /* PokemonListItem.swift */ = {isa = PBXFileReference; lastKnownFileType = sourcecode.swift; path = PokemonListItem.swift; sourceTree = "<group>"; };
		317D16A62C0294DE0092AFA1 /* ApolloClient.swift */ = {isa = PBXFileReference; lastKnownFileType = sourcecode.swift; path = ApolloClient.swift; sourceTree = "<group>"; };
		317D16AB2C029A090092AFA1 /* GetPokemonByGeneration.graphql */ = {isa = PBXFileReference; lastKnownFileType = text; path = GetPokemonByGeneration.graphql; sourceTree = "<group>"; };
		317D16AD2C029D1A0092AFA1 /* apollo-codegen-config.json */ = {isa = PBXFileReference; fileEncoding = 4; lastKnownFileType = text.json; path = "apollo-codegen-config.json"; sourceTree = SOURCE_ROOT; };
		317D16B02C02A1FA0092AFA1 /* schema.graphqls */ = {isa = PBXFileReference; lastKnownFileType = text; path = schema.graphqls; sourceTree = "<group>"; };
		31835A5A2C3494D30047D414 /* Pokemon_v2_pokemonspecies.graphql.swift */ = {isa = PBXFileReference; fileEncoding = 4; lastKnownFileType = sourcecode.swift; path = Pokemon_v2_pokemonspecies.graphql.swift; sourceTree = "<group>"; };
		31835A5B2C3494D30047D414 /* Pokemon_v2_pokemonspeciesflavortext.graphql.swift */ = {isa = PBXFileReference; fileEncoding = 4; lastKnownFileType = sourcecode.swift; path = Pokemon_v2_pokemonspeciesflavortext.graphql.swift; sourceTree = "<group>"; };
		31835A5C2C3494D30047D414 /* Pokemon_v2_growthrate.graphql.swift */ = {isa = PBXFileReference; fileEncoding = 4; lastKnownFileType = sourcecode.swift; path = Pokemon_v2_growthrate.graphql.swift; sourceTree = "<group>"; };
		31835A5D2C3494D30047D414 /* Pokemon_v2_generation.graphql.swift */ = {isa = PBXFileReference; fileEncoding = 4; lastKnownFileType = sourcecode.swift; path = Pokemon_v2_generation.graphql.swift; sourceTree = "<group>"; };
		31835A5E2C3494D30047D414 /* Pokemon_v2_ability.graphql.swift */ = {isa = PBXFileReference; fileEncoding = 4; lastKnownFileType = sourcecode.swift; path = Pokemon_v2_ability.graphql.swift; sourceTree = "<group>"; };
		31835A5F2C3494D30047D414 /* Pokemon_v2_pokemonstat.graphql.swift */ = {isa = PBXFileReference; fileEncoding = 4; lastKnownFileType = sourcecode.swift; path = Pokemon_v2_pokemonstat.graphql.swift; sourceTree = "<group>"; };
		31835A602C3494D30047D414 /* Pokemon_v2_pokemontype.graphql.swift */ = {isa = PBXFileReference; fileEncoding = 4; lastKnownFileType = sourcecode.swift; path = Pokemon_v2_pokemontype.graphql.swift; sourceTree = "<group>"; };
		31835A612C3494D30047D414 /* Query_root.graphql.swift */ = {isa = PBXFileReference; fileEncoding = 4; lastKnownFileType = sourcecode.swift; path = Query_root.graphql.swift; sourceTree = "<group>"; };
		31835A622C3494D30047D414 /* Pokemon_v2_pokemonegggroup.graphql.swift */ = {isa = PBXFileReference; fileEncoding = 4; lastKnownFileType = sourcecode.swift; path = Pokemon_v2_pokemonegggroup.graphql.swift; sourceTree = "<group>"; };
		31835A632C3494D30047D414 /* Pokemon_v2_type.graphql.swift */ = {isa = PBXFileReference; fileEncoding = 4; lastKnownFileType = sourcecode.swift; path = Pokemon_v2_type.graphql.swift; sourceTree = "<group>"; };
		31835A642C3494D30047D414 /* Pokemon_v2_pokemonevolution.graphql.swift */ = {isa = PBXFileReference; fileEncoding = 4; lastKnownFileType = sourcecode.swift; path = Pokemon_v2_pokemonevolution.graphql.swift; sourceTree = "<group>"; };
		31835A652C3494D30047D414 /* Pokemon_v2_version.graphql.swift */ = {isa = PBXFileReference; fileEncoding = 4; lastKnownFileType = sourcecode.swift; path = Pokemon_v2_version.graphql.swift; sourceTree = "<group>"; };
		31835A662C3494D30047D414 /* Pokemon_v2_pokemon.graphql.swift */ = {isa = PBXFileReference; fileEncoding = 4; lastKnownFileType = sourcecode.swift; path = Pokemon_v2_pokemon.graphql.swift; sourceTree = "<group>"; };
		31835A672C3494D30047D414 /* Pokemon_v2_pokemonability.graphql.swift */ = {isa = PBXFileReference; fileEncoding = 4; lastKnownFileType = sourcecode.swift; path = Pokemon_v2_pokemonability.graphql.swift; sourceTree = "<group>"; };
		31835A682C3494D30047D414 /* Pokemon_v2_stat.graphql.swift */ = {isa = PBXFileReference; fileEncoding = 4; lastKnownFileType = sourcecode.swift; path = Pokemon_v2_stat.graphql.swift; sourceTree = "<group>"; };
		31835A692C3494D30047D414 /* Pokemon_v2_evolutionchain.graphql.swift */ = {isa = PBXFileReference; fileEncoding = 4; lastKnownFileType = sourcecode.swift; path = Pokemon_v2_evolutionchain.graphql.swift; sourceTree = "<group>"; };
		31835A6A2C3494D30047D414 /* Pokemon_v2_encounter.graphql.swift */ = {isa = PBXFileReference; fileEncoding = 4; lastKnownFileType = sourcecode.swift; path = Pokemon_v2_encounter.graphql.swift; sourceTree = "<group>"; };
		31835A6B2C3494D30047D414 /* Pokemon_v2_egggroup.graphql.swift */ = {isa = PBXFileReference; fileEncoding = 4; lastKnownFileType = sourcecode.swift; path = Pokemon_v2_egggroup.graphql.swift; sourceTree = "<group>"; };
		31835A7E2C3497C70047D414 /* PokemonStatEntity.swift */ = {isa = PBXFileReference; lastKnownFileType = sourcecode.swift; path = PokemonStatEntity.swift; sourceTree = "<group>"; };
		31844AD02C3DAB1B00ABCB7F /* LaunchScreen.storyboard */ = {isa = PBXFileReference; lastKnownFileType = file.storyboard; path = LaunchScreen.storyboard; sourceTree = "<group>"; };
		31922F3C2C001C4A00F9F032 /* Pokedex.app */ = {isa = PBXFileReference; explicitFileType = wrapper.application; includeInIndex = 0; path = Pokedex.app; sourceTree = BUILT_PRODUCTS_DIR; };
		31922F3F2C001C4A00F9F032 /* PokedexApp.swift */ = {isa = PBXFileReference; lastKnownFileType = sourcecode.swift; path = PokedexApp.swift; sourceTree = "<group>"; };
		31922F432C001C4A00F9F032 /* Assets.xcassets */ = {isa = PBXFileReference; lastKnownFileType = folder.assetcatalog; path = Assets.xcassets; sourceTree = "<group>"; };
		31922F462C001C4A00F9F032 /* Preview Assets.xcassets */ = {isa = PBXFileReference; lastKnownFileType = folder.assetcatalog; path = "Preview Assets.xcassets"; sourceTree = "<group>"; };
		31922F4C2C001C4B00F9F032 /* PokedexTests.xctest */ = {isa = PBXFileReference; explicitFileType = wrapper.cfbundle; includeInIndex = 0; path = PokedexTests.xctest; sourceTree = BUILT_PRODUCTS_DIR; };
		31922F502C001C4B00F9F032 /* PokedexTests.swift */ = {isa = PBXFileReference; lastKnownFileType = sourcecode.swift; path = PokedexTests.swift; sourceTree = "<group>"; };
		31922F562C001C4B00F9F032 /* PokedexUITests.xctest */ = {isa = PBXFileReference; explicitFileType = wrapper.cfbundle; includeInIndex = 0; path = PokedexUITests.xctest; sourceTree = BUILT_PRODUCTS_DIR; };
		31922F5A2C001C4B00F9F032 /* PokedexUITests.swift */ = {isa = PBXFileReference; lastKnownFileType = sourcecode.swift; path = PokedexUITests.swift; sourceTree = "<group>"; };
		31922F5C2C001C4B00F9F032 /* PokedexUITestsLaunchTests.swift */ = {isa = PBXFileReference; lastKnownFileType = sourcecode.swift; path = PokedexUITestsLaunchTests.swift; sourceTree = "<group>"; };
		31922F6E2C0021F100F9F032 /* SF-Pro-Display-Medium.otf */ = {isa = PBXFileReference; lastKnownFileType = file; path = "SF-Pro-Display-Medium.otf"; sourceTree = "<group>"; };
		31922F6F2C0021F100F9F032 /* SF-Pro-Display-Bold.otf */ = {isa = PBXFileReference; lastKnownFileType = file; path = "SF-Pro-Display-Bold.otf"; sourceTree = "<group>"; };
		31922F702C0021F100F9F032 /* SF-Pro-Display-Regular.otf */ = {isa = PBXFileReference; lastKnownFileType = file; path = "SF-Pro-Display-Regular.otf"; sourceTree = "<group>"; };
		31922F742C00225F00F9F032 /* Info.plist */ = {isa = PBXFileReference; lastKnownFileType = text.plist; path = Info.plist; sourceTree = "<group>"; };
		31922F762C0023A700F9F032 /* Typography.swift */ = {isa = PBXFileReference; lastKnownFileType = sourcecode.swift; path = Typography.swift; sourceTree = "<group>"; };
		319913942C093B6600DACFF6 /* LoadingState.swift */ = {isa = PBXFileReference; lastKnownFileType = sourcecode.swift; path = LoadingState.swift; sourceTree = "<group>"; };
		319BB0E32C01408E00A43AC4 /* PokedexButton.swift */ = {isa = PBXFileReference; lastKnownFileType = sourcecode.swift; path = PokedexButton.swift; sourceTree = "<group>"; };
		319BB0E52C0149E000A43AC4 /* PokedexInput.swift */ = {isa = PBXFileReference; lastKnownFileType = sourcecode.swift; path = PokedexInput.swift; sourceTree = "<group>"; };
		319BB0E72C01683E00A43AC4 /* PokedexRangeSlider.swift */ = {isa = PBXFileReference; lastKnownFileType = sourcecode.swift; path = PokedexRangeSlider.swift; sourceTree = "<group>"; };
		31A389D12C320D410040E24A /* PokemonTabButton.swift */ = {isa = PBXFileReference; lastKnownFileType = sourcecode.swift; path = PokemonTabButton.swift; sourceTree = "<group>"; };
		31A389D32C3218190040E24A /* PokemonAboutTab.swift */ = {isa = PBXFileReference; lastKnownFileType = sourcecode.swift; path = PokemonAboutTab.swift; sourceTree = "<group>"; };
		31A389D52C3218270040E24A /* PokemonStatsTab.swift */ = {isa = PBXFileReference; lastKnownFileType = sourcecode.swift; path = PokemonStatsTab.swift; sourceTree = "<group>"; };
		31A389D72C3218580040E24A /* PokemonEvolutionTab.swift */ = {isa = PBXFileReference; lastKnownFileType = sourcecode.swift; path = PokemonEvolutionTab.swift; sourceTree = "<group>"; };
		31A389D92C321E570040E24A /* PokemonAboutTabLabelInfo.swift */ = {isa = PBXFileReference; lastKnownFileType = sourcecode.swift; path = PokemonAboutTabLabelInfo.swift; sourceTree = "<group>"; };
		31AF2E012C3988190064CBF8 /* PokemonAbilityEntity.swift */ = {isa = PBXFileReference; lastKnownFileType = sourcecode.swift; path = PokemonAbilityEntity.swift; sourceTree = "<group>"; };
		31DF2AC12C056D0F009C134A /* PokemonDataSource.swift */ = {isa = PBXFileReference; lastKnownFileType = sourcecode.swift; path = PokemonDataSource.swift; sourceTree = "<group>"; };
		31DF2AC42C05716E009C134A /* PokemonEntity.swift */ = {isa = PBXFileReference; lastKnownFileType = sourcecode.swift; path = PokemonEntity.swift; sourceTree = "<group>"; };
		31DF2AC62C057298009C134A /* PokemonDataSourceImpl.swift */ = {isa = PBXFileReference; lastKnownFileType = sourcecode.swift; path = PokemonDataSourceImpl.swift; sourceTree = "<group>"; };
		31E505F12C0950BB0020E0A3 /* GenerationTab.swift */ = {isa = PBXFileReference; lastKnownFileType = sourcecode.swift; path = GenerationTab.swift; sourceTree = "<group>"; };
		31E505F32C0952A40020E0A3 /* PokemonGeneration.swift */ = {isa = PBXFileReference; lastKnownFileType = sourcecode.swift; path = PokemonGeneration.swift; sourceTree = "<group>"; };
		379CA168E3860CE6FFA47267 /* Pods-PokedexTests.release.xcconfig */ = {isa = PBXFileReference; includeInIndex = 1; lastKnownFileType = text.xcconfig; name = "Pods-PokedexTests.release.xcconfig"; path = "Target Support Files/Pods-PokedexTests/Pods-PokedexTests.release.xcconfig"; sourceTree = "<group>"; };
		66FDE9206D056930EE5F5AE6 /* Pods_Pokedex.framework */ = {isa = PBXFileReference; explicitFileType = wrapper.framework; includeInIndex = 0; path = Pods_Pokedex.framework; sourceTree = BUILT_PRODUCTS_DIR; };
		853B7CD3F7A2A9579BE0EBCC /* Pods-Pokedex.debug.xcconfig */ = {isa = PBXFileReference; includeInIndex = 1; lastKnownFileType = text.xcconfig; name = "Pods-Pokedex.debug.xcconfig"; path = "Target Support Files/Pods-Pokedex/Pods-Pokedex.debug.xcconfig"; sourceTree = "<group>"; };
		C3145703D86DDC3D2E7321E7 /* Pods_Pokedex_PokedexUITests.framework */ = {isa = PBXFileReference; explicitFileType = wrapper.framework; includeInIndex = 0; path = Pods_Pokedex_PokedexUITests.framework; sourceTree = BUILT_PRODUCTS_DIR; };
		C9894D7767CFAF1D5113B0DD /* Pods-Pokedex.release.xcconfig */ = {isa = PBXFileReference; includeInIndex = 1; lastKnownFileType = text.xcconfig; name = "Pods-Pokedex.release.xcconfig"; path = "Target Support Files/Pods-Pokedex/Pods-Pokedex.release.xcconfig"; sourceTree = "<group>"; };
/* End PBXFileReference section */

/* Begin PBXFrameworksBuildPhase section */
		31922F392C001C4A00F9F032 /* Frameworks */ = {
			isa = PBXFrameworksBuildPhase;
			buildActionMask = 2147483647;
			files = (
				A197C56031C2910407E9D6D5 /* Pods_Pokedex.framework in Frameworks */,
			);
			runOnlyForDeploymentPostprocessing = 0;
		};
		31922F492C001C4B00F9F032 /* Frameworks */ = {
			isa = PBXFrameworksBuildPhase;
			buildActionMask = 2147483647;
			files = (
				1D5032D78FC9E87CC9038918 /* Pods_PokedexTests.framework in Frameworks */,
			);
			runOnlyForDeploymentPostprocessing = 0;
		};
		31922F532C001C4B00F9F032 /* Frameworks */ = {
			isa = PBXFrameworksBuildPhase;
			buildActionMask = 2147483647;
			files = (
				2825698E87A706E31E161714 /* Pods_Pokedex_PokedexUITests.framework in Frameworks */,
			);
			runOnlyForDeploymentPostprocessing = 0;
		};
/* End PBXFrameworksBuildPhase section */

/* Begin PBXGroup section */
		312598872C05F6BF0036D5F8 /* Extensions */ = {
			isa = PBXGroup;
			children = (
				312598882C05F6E60036D5F8 /* String.swift */,
			);
			path = Extensions;
			sourceTree = "<group>";
		};
		3125988C2C069AAB0036D5F8 /* Entities */ = {
			isa = PBXGroup;
			children = (
				31DF2AC42C05716E009C134A /* PokemonEntity.swift */,
				3170650E2C331CF1002E1777 /* PokemonEvolutionEntity.swift */,
				31835A7E2C3497C70047D414 /* PokemonStatEntity.swift */,
				31AF2E012C3988190064CBF8 /* PokemonAbilityEntity.swift */,
			);
			path = Entities;
			sourceTree = "<group>";
		};
		3125988D2C069AC80036D5F8 /* UseCases */ = {
			isa = PBXGroup;
			children = (
				3125988E2C069AE70036D5F8 /* GetPokemonsByGenerationUseCase.swift */,
			);
			path = UseCases;
			sourceTree = "<group>";
		};
		312598902C069B0A0036D5F8 /* Protocols */ = {
			isa = PBXGroup;
			children = (
				312598912C069B270036D5F8 /* UseCase.swift */,
			);
			path = Protocols;
			sourceTree = "<group>";
		};
		312598932C06B0970036D5F8 /* Controllers */ = {
			isa = PBXGroup;
			children = (
				312598942C06B0E90036D5F8 /* HomeController.swift */,
			);
			path = Controllers;
			sourceTree = "<group>";
		};
		316C39FE2C03D848008951CC /* Queries */ = {
			isa = PBXGroup;
			children = (
				316C39FD2C03D848008951CC /* GetPokemonsByGenerationQuery.graphql.swift */,
			);
			path = Queries;
			sourceTree = "<group>";
		};
		316C39FF2C03D848008951CC /* Operations */ = {
			isa = PBXGroup;
			children = (
				316C39FE2C03D848008951CC /* Queries */,
			);
			path = Operations;
			sourceTree = "<group>";
		};
		316C3A082C03D848008951CC /* Objects */ = {
			isa = PBXGroup;
			children = (
				31835A5E2C3494D30047D414 /* Pokemon_v2_ability.graphql.swift */,
				31835A6B2C3494D30047D414 /* Pokemon_v2_egggroup.graphql.swift */,
				31835A6A2C3494D30047D414 /* Pokemon_v2_encounter.graphql.swift */,
				31835A692C3494D30047D414 /* Pokemon_v2_evolutionchain.graphql.swift */,
				31835A5D2C3494D30047D414 /* Pokemon_v2_generation.graphql.swift */,
				31835A5C2C3494D30047D414 /* Pokemon_v2_growthrate.graphql.swift */,
				31835A662C3494D30047D414 /* Pokemon_v2_pokemon.graphql.swift */,
				31835A672C3494D30047D414 /* Pokemon_v2_pokemonability.graphql.swift */,
				31835A622C3494D30047D414 /* Pokemon_v2_pokemonegggroup.graphql.swift */,
				31835A642C3494D30047D414 /* Pokemon_v2_pokemonevolution.graphql.swift */,
				31835A5A2C3494D30047D414 /* Pokemon_v2_pokemonspecies.graphql.swift */,
				31835A5B2C3494D30047D414 /* Pokemon_v2_pokemonspeciesflavortext.graphql.swift */,
				31835A5F2C3494D30047D414 /* Pokemon_v2_pokemonstat.graphql.swift */,
				31835A602C3494D30047D414 /* Pokemon_v2_pokemontype.graphql.swift */,
				31835A682C3494D30047D414 /* Pokemon_v2_stat.graphql.swift */,
				31835A632C3494D30047D414 /* Pokemon_v2_type.graphql.swift */,
				31835A652C3494D30047D414 /* Pokemon_v2_version.graphql.swift */,
				31835A612C3494D30047D414 /* Query_root.graphql.swift */,
			);
			path = Objects;
			sourceTree = "<group>";
		};
		316C3A0B2C03D848008951CC /* Schema */ = {
			isa = PBXGroup;
			children = (
				316C3A082C03D848008951CC /* Objects */,
				316C3A092C03D848008951CC /* SchemaConfiguration.swift */,
				316C3A0A2C03D848008951CC /* SchemaMetadata.graphql.swift */,
			);
			path = Schema;
			sourceTree = "<group>";
		};
		316C3A0D2C03D848008951CC /* PokeAPI */ = {
			isa = PBXGroup;
			children = (
				316C39FF2C03D848008951CC /* Operations */,
				316C3A0B2C03D848008951CC /* Schema */,
				316C3A0C2C03D848008951CC /* PokeAPI.graphql.swift */,
			);
			path = PokeAPI;
			sourceTree = "<group>";
		};
		316F916D2C0BBA6C00108B2A /* Domain */ = {
			isa = PBXGroup;
			children = (
				316F916E2C0BBA7D00108B2A /* Entities */,
			);
			path = Domain;
			sourceTree = "<group>";
		};
		316F916E2C0BBA7D00108B2A /* Entities */ = {
			isa = PBXGroup;
			children = (
				316F916F2C0BBAA500108B2A /* FilterParemetersEntity.swift */,
			);
			path = Entities;
			sourceTree = "<group>";
		};
		3171308F2C1DFE9A00601017 /* Presentation */ = {
			isa = PBXGroup;
			children = (
				317130902C1DFEA500601017 /* Components */,
				317130932C1E079200601017 /* PokemonPage.swift */,
			);
			path = Presentation;
			sourceTree = "<group>";
		};
		317130902C1DFEA500601017 /* Components */ = {
			isa = PBXGroup;
			children = (
				31A389D32C3218190040E24A /* PokemonAboutTab.swift */,
				31A389D92C321E570040E24A /* PokemonAboutTabLabelInfo.swift */,
				3170650A2C32C820002E1777 /* PokemonBaseStatInfo.swift */,
				317130912C1E00DD00601017 /* PokemonCard.swift */,
				31A389D72C3218580040E24A /* PokemonEvolutionTab.swift */,
				31A389D52C3218270040E24A /* PokemonStatsTab.swift */,
				31A389D12C320D410040E24A /* PokemonTabButton.swift */,
			);
			path = Components;
			sourceTree = "<group>";
		};
		317D168E2C0234CE0092AFA1 /* Utils */ = {
			isa = PBXGroup;
			children = (
				3170650C2C32F834002E1777 /* GetDamageRelationLabel.swift */,
				316A8EDB2C3C9DFB00BE2506 /* GetPercentageLabel.swift */,
				3125988A2C0603AE0036D5F8 /* GetPokemonBackgroundColor.swift */,
				317D168F2C0235010092AFA1 /* GetPokemonColor.swift */,
				316CD6ED2C1BC82A00B8AE9B /* GetPokemonDamageRelation.swift */,
				317D169A2C024B3F0092AFA1 /* GetPokemonHeightColor.swift */,
				317D169C2C024C2D0092AFA1 /* GetPokemonWeightColor.swift */,
				316E022E2C226F95006AE206 /* OnceAppear.swift */,
				317130D22C1FB99200601017 /* ScrollDetector.swift */,
				3177097A2C23C3D700AD60C2 /* StrokeText.swift */,
			);
			path = Utils;
			sourceTree = "<group>";
		};
		317D16932C0249B00092AFA1 /* Enums */ = {
			isa = PBXGroup;
			children = (
				319913942C093B6600DACFF6 /* LoadingState.swift */,
				317D16982C024ACF0092AFA1 /* PokemonHeight.swift */,
				317D16942C024A020092AFA1 /* PokemonType.swift */,
				317D16962C024A410092AFA1 /* PokemonWeight.swift */,
				31E505F32C0952A40020E0A3 /* PokemonGeneration.swift */,
				310CE5A72C0AA36F006BADA3 /* SortType.swift */,
			);
			path = Enums;
			sourceTree = "<group>";
		};
		317D169E2C02522F0092AFA1 /* Presentation */ = {
			isa = PBXGroup;
			children = (
				312598932C06B0970036D5F8 /* Controllers */,
				317D169F2C02532B0092AFA1 /* Views */,
			);
			path = Presentation;
			sourceTree = "<group>";
		};
		317D169F2C02532B0092AFA1 /* Views */ = {
			isa = PBXGroup;
			children = (
				317D16A02C0253350092AFA1 /* Components */,
				312598962C06B40D0036D5F8 /* HomeView.swift */,
			);
			path = Views;
			sourceTree = "<group>";
		};
		317D16A02C0253350092AFA1 /* Components */ = {
			isa = PBXGroup;
			children = (
				310CE5AB2C0AB387006BADA3 /* FilterTab.swift */,
				317D16A12C0253520092AFA1 /* GenerationButton.swift */,
				31E505F12C0950BB0020E0A3 /* GenerationTab.swift */,
				317D16A32C0293930092AFA1 /* PokemonListItem.swift */,
				310CE5A92C0AA42B006BADA3 /* SortTab.swift */,
			);
			path = Components;
			sourceTree = "<group>";
		};
		317D16A52C0294810092AFA1 /* Network */ = {
			isa = PBXGroup;
			children = (
				317D16AF2C02A1D60092AFA1 /* GraphQL */,
				317D16A62C0294DE0092AFA1 /* ApolloClient.swift */,
			);
			path = Network;
			sourceTree = "<group>";
		};
		317D16AA2C02969A0092AFA1 /* Data */ = {
			isa = PBXGroup;
			children = (
				31DF2AC02C056CE0009C134A /* DataSources */,
			);
			path = Data;
			sourceTree = "<group>";
		};
		317D16AF2C02A1D60092AFA1 /* GraphQL */ = {
			isa = PBXGroup;
			children = (
				316C3A0D2C03D848008951CC /* PokeAPI */,
				317D16B02C02A1FA0092AFA1 /* schema.graphqls */,
				317D16AB2C029A090092AFA1 /* GetPokemonByGeneration.graphql */,
			);
			path = GraphQL;
			sourceTree = "<group>";
		};
		31922F332C001C4A00F9F032 = {
			isa = PBXGroup;
			children = (
				31922F3E2C001C4A00F9F032 /* Pokedex */,
				31922F4F2C001C4B00F9F032 /* PokedexTests */,
				31922F592C001C4B00F9F032 /* PokedexUITests */,
				31922F3D2C001C4A00F9F032 /* Products */,
				C2AECEAB7AF150C2839BFD7B /* Pods */,
				CB504B9D48B6F6EDCEFDADE8 /* Frameworks */,
			);
			sourceTree = "<group>";
		};
		31922F3D2C001C4A00F9F032 /* Products */ = {
			isa = PBXGroup;
			children = (
				31922F3C2C001C4A00F9F032 /* Pokedex.app */,
				31922F4C2C001C4B00F9F032 /* PokedexTests.xctest */,
				31922F562C001C4B00F9F032 /* PokedexUITests.xctest */,
			);
			name = Products;
			sourceTree = "<group>";
		};
		31922F3E2C001C4A00F9F032 /* Pokedex */ = {
			isa = PBXGroup;
			children = (
				31922F692C001D6400F9F032 /* App */,
				31922F6B2C001EF800F9F032 /* Home */,
				31922F6C2C001EFF00F9F032 /* Pokemon */,
				31922F6A2C001D8200F9F032 /* Resources */,
				31922F3F2C001C4A00F9F032 /* PokedexApp.swift */,
				317D16AD2C029D1A0092AFA1 /* apollo-codegen-config.json */,
				31922F742C00225F00F9F032 /* Info.plist */,
				31844AD02C3DAB1B00ABCB7F /* LaunchScreen.storyboard */,
			);
			path = Pokedex;
			sourceTree = "<group>";
		};
		31922F452C001C4A00F9F032 /* Preview Content */ = {
			isa = PBXGroup;
			children = (
				31922F462C001C4A00F9F032 /* Preview Assets.xcassets */,
			);
			path = "Preview Content";
			sourceTree = "<group>";
		};
		31922F4F2C001C4B00F9F032 /* PokedexTests */ = {
			isa = PBXGroup;
			children = (
				31922F502C001C4B00F9F032 /* PokedexTests.swift */,
			);
			path = PokedexTests;
			sourceTree = "<group>";
		};
		31922F592C001C4B00F9F032 /* PokedexUITests */ = {
			isa = PBXGroup;
			children = (
				31922F5A2C001C4B00F9F032 /* PokedexUITests.swift */,
				31922F5C2C001C4B00F9F032 /* PokedexUITestsLaunchTests.swift */,
			);
			path = PokedexUITests;
			sourceTree = "<group>";
		};
		31922F692C001D6400F9F032 /* App */ = {
			isa = PBXGroup;
			children = (
				319BB0E22C01406B00A43AC4 /* Components */,
				317D16932C0249B00092AFA1 /* Enums */,
				312598872C05F6BF0036D5F8 /* Extensions */,
				317D16A52C0294810092AFA1 /* Network */,
				312598902C069B0A0036D5F8 /* Protocols */,
				31922F752C00237B00F9F032 /* Styles */,
				317D168E2C0234CE0092AFA1 /* Utils */,
			);
			path = App;
			sourceTree = "<group>";
		};
		31922F6A2C001D8200F9F032 /* Resources */ = {
			isa = PBXGroup;
			children = (
				31922F6D2C0021D300F9F032 /* Fonts */,
				31922F452C001C4A00F9F032 /* Preview Content */,
				31922F432C001C4A00F9F032 /* Assets.xcassets */,
			);
			path = Resources;
			sourceTree = "<group>";
		};
		31922F6B2C001EF800F9F032 /* Home */ = {
			isa = PBXGroup;
			children = (
				316F916D2C0BBA6C00108B2A /* Domain */,
				317D169E2C02522F0092AFA1 /* Presentation */,
			);
			path = Home;
			sourceTree = "<group>";
		};
		31922F6C2C001EFF00F9F032 /* Pokemon */ = {
			isa = PBXGroup;
			children = (
				3171308F2C1DFE9A00601017 /* Presentation */,
				317D16AA2C02969A0092AFA1 /* Data */,
				31DF2AC32C057134009C134A /* Domain */,
			);
			path = Pokemon;
			sourceTree = "<group>";
		};
		31922F6D2C0021D300F9F032 /* Fonts */ = {
			isa = PBXGroup;
			children = (
				31922F6F2C0021F100F9F032 /* SF-Pro-Display-Bold.otf */,
				31922F6E2C0021F100F9F032 /* SF-Pro-Display-Medium.otf */,
				31922F702C0021F100F9F032 /* SF-Pro-Display-Regular.otf */,
			);
			path = Fonts;
			sourceTree = "<group>";
		};
		31922F752C00237B00F9F032 /* Styles */ = {
			isa = PBXGroup;
			children = (
				31922F762C0023A700F9F032 /* Typography.swift */,
			);
			path = Styles;
			sourceTree = "<group>";
		};
		319BB0E22C01406B00A43AC4 /* Components */ = {
			isa = PBXGroup;
			children = (
				319BB0E32C01408E00A43AC4 /* PokedexButton.swift */,
				317D16912C0236820092AFA1 /* PokedexIconButton.swift */,
				319BB0E52C0149E000A43AC4 /* PokedexInput.swift */,
				319BB0E72C01683E00A43AC4 /* PokedexRangeSlider.swift */,
				317D168C2C02002A0092AFA1 /* PokedexPokemonBadge.swift */,
			);
			path = Components;
			sourceTree = "<group>";
		};
		31DF2AC02C056CE0009C134A /* DataSources */ = {
			isa = PBXGroup;
			children = (
				31DF2AC12C056D0F009C134A /* PokemonDataSource.swift */,
				31DF2AC62C057298009C134A /* PokemonDataSourceImpl.swift */,
			);
			path = DataSources;
			sourceTree = "<group>";
		};
		31DF2AC32C057134009C134A /* Domain */ = {
			isa = PBXGroup;
			children = (
				3125988C2C069AAB0036D5F8 /* Entities */,
				3125988D2C069AC80036D5F8 /* UseCases */,
			);
			path = Domain;
			sourceTree = "<group>";
		};
		C2AECEAB7AF150C2839BFD7B /* Pods */ = {
			isa = PBXGroup;
			children = (
				853B7CD3F7A2A9579BE0EBCC /* Pods-Pokedex.debug.xcconfig */,
				C9894D7767CFAF1D5113B0DD /* Pods-Pokedex.release.xcconfig */,
				2AAD0F598E74946771F6B466 /* Pods-Pokedex-PokedexUITests.debug.xcconfig */,
				207C7DD6FD78212B620508E6 /* Pods-Pokedex-PokedexUITests.release.xcconfig */,
				0686791F6AB1820257F90A59 /* Pods-PokedexTests.debug.xcconfig */,
				379CA168E3860CE6FFA47267 /* Pods-PokedexTests.release.xcconfig */,
			);
			path = Pods;
			sourceTree = "<group>";
		};
		CB504B9D48B6F6EDCEFDADE8 /* Frameworks */ = {
			isa = PBXGroup;
			children = (
				66FDE9206D056930EE5F5AE6 /* Pods_Pokedex.framework */,
				C3145703D86DDC3D2E7321E7 /* Pods_Pokedex_PokedexUITests.framework */,
				1F7523607EB3CE9D0D3B27AC /* Pods_PokedexTests.framework */,
			);
			name = Frameworks;
			sourceTree = "<group>";
		};
/* End PBXGroup section */

/* Begin PBXNativeTarget section */
		31922F3B2C001C4A00F9F032 /* Pokedex */ = {
			isa = PBXNativeTarget;
			buildConfigurationList = 31922F602C001C4B00F9F032 /* Build configuration list for PBXNativeTarget "Pokedex" */;
			buildPhases = (
				12BC555CBCEFDAFCCF083BC4 /* [CP] Check Pods Manifest.lock */,
				31922F382C001C4A00F9F032 /* Sources */,
				31922F392C001C4A00F9F032 /* Frameworks */,
				31922F3A2C001C4A00F9F032 /* Resources */,
				EC327F7DEB50CF9FDB481268 /* [CP] Embed Pods Frameworks */,
			);
			buildRules = (
			);
			dependencies = (
			);
			name = Pokedex;
			productName = Pokedex;
			productReference = 31922F3C2C001C4A00F9F032 /* Pokedex.app */;
			productType = "com.apple.product-type.application";
		};
		31922F4B2C001C4B00F9F032 /* PokedexTests */ = {
			isa = PBXNativeTarget;
			buildConfigurationList = 31922F632C001C4B00F9F032 /* Build configuration list for PBXNativeTarget "PokedexTests" */;
			buildPhases = (
				356ED995D1D6F5E543ECC12C /* [CP] Check Pods Manifest.lock */,
				31922F482C001C4B00F9F032 /* Sources */,
				31922F492C001C4B00F9F032 /* Frameworks */,
				31922F4A2C001C4B00F9F032 /* Resources */,
			);
			buildRules = (
			);
			dependencies = (
				31922F4E2C001C4B00F9F032 /* PBXTargetDependency */,
			);
			name = PokedexTests;
			productName = PokedexTests;
			productReference = 31922F4C2C001C4B00F9F032 /* PokedexTests.xctest */;
			productType = "com.apple.product-type.bundle.unit-test";
		};
		31922F552C001C4B00F9F032 /* PokedexUITests */ = {
			isa = PBXNativeTarget;
			buildConfigurationList = 31922F662C001C4B00F9F032 /* Build configuration list for PBXNativeTarget "PokedexUITests" */;
			buildPhases = (
				46771F3F306D4A49DD99A269 /* [CP] Check Pods Manifest.lock */,
				31922F522C001C4B00F9F032 /* Sources */,
				31922F532C001C4B00F9F032 /* Frameworks */,
				31922F542C001C4B00F9F032 /* Resources */,
				6673DBACCAF51594C2B31D5A /* [CP] Embed Pods Frameworks */,
			);
			buildRules = (
			);
			dependencies = (
				31922F582C001C4B00F9F032 /* PBXTargetDependency */,
			);
			name = PokedexUITests;
			productName = PokedexUITests;
			productReference = 31922F562C001C4B00F9F032 /* PokedexUITests.xctest */;
			productType = "com.apple.product-type.bundle.ui-testing";
		};
/* End PBXNativeTarget section */

/* Begin PBXProject section */
		31922F342C001C4A00F9F032 /* Project object */ = {
			isa = PBXProject;
			attributes = {
				BuildIndependentTargetsInParallel = 1;
				LastSwiftUpdateCheck = 1540;
				LastUpgradeCheck = 1540;
				TargetAttributes = {
					31922F3B2C001C4A00F9F032 = {
						CreatedOnToolsVersion = 15.4;
					};
					31922F4B2C001C4B00F9F032 = {
						CreatedOnToolsVersion = 15.4;
						TestTargetID = 31922F3B2C001C4A00F9F032;
					};
					31922F552C001C4B00F9F032 = {
						CreatedOnToolsVersion = 15.4;
						TestTargetID = 31922F3B2C001C4A00F9F032;
					};
				};
			};
			buildConfigurationList = 31922F372C001C4A00F9F032 /* Build configuration list for PBXProject "Pokedex" */;
			compatibilityVersion = "Xcode 14.0";
			developmentRegion = en;
			hasScannedForEncodings = 0;
			knownRegions = (
				en,
				Base,
			);
			mainGroup = 31922F332C001C4A00F9F032;
			productRefGroup = 31922F3D2C001C4A00F9F032 /* Products */;
			projectDirPath = "";
			projectRoot = "";
			targets = (
				31922F3B2C001C4A00F9F032 /* Pokedex */,
				31922F4B2C001C4B00F9F032 /* PokedexTests */,
				31922F552C001C4B00F9F032 /* PokedexUITests */,
			);
		};
/* End PBXProject section */

/* Begin PBXResourcesBuildPhase section */
		31922F3A2C001C4A00F9F032 /* Resources */ = {
			isa = PBXResourcesBuildPhase;
			buildActionMask = 2147483647;
			files = (
				31844AD12C3DAB1B00ABCB7F /* LaunchScreen.storyboard in Resources */,
				31922F712C0021F100F9F032 /* SF-Pro-Display-Medium.otf in Resources */,
				31922F472C001C4A00F9F032 /* Preview Assets.xcassets in Resources */,
				31922F722C0021F100F9F032 /* SF-Pro-Display-Bold.otf in Resources */,
				31922F732C0021F100F9F032 /* SF-Pro-Display-Regular.otf in Resources */,
				31922F442C001C4A00F9F032 /* Assets.xcassets in Resources */,
			);
			runOnlyForDeploymentPostprocessing = 0;
		};
		31922F4A2C001C4B00F9F032 /* Resources */ = {
			isa = PBXResourcesBuildPhase;
			buildActionMask = 2147483647;
			files = (
			);
			runOnlyForDeploymentPostprocessing = 0;
		};
		31922F542C001C4B00F9F032 /* Resources */ = {
			isa = PBXResourcesBuildPhase;
			buildActionMask = 2147483647;
			files = (
			);
			runOnlyForDeploymentPostprocessing = 0;
		};
/* End PBXResourcesBuildPhase section */

/* Begin PBXShellScriptBuildPhase section */
		12BC555CBCEFDAFCCF083BC4 /* [CP] Check Pods Manifest.lock */ = {
			isa = PBXShellScriptBuildPhase;
			buildActionMask = 2147483647;
			files = (
			);
			inputFileListPaths = (
			);
			inputPaths = (
				"${PODS_PODFILE_DIR_PATH}/Podfile.lock",
				"${PODS_ROOT}/Manifest.lock",
			);
			name = "[CP] Check Pods Manifest.lock";
			outputFileListPaths = (
			);
			outputPaths = (
				"$(DERIVED_FILE_DIR)/Pods-Pokedex-checkManifestLockResult.txt",
			);
			runOnlyForDeploymentPostprocessing = 0;
			shellPath = /bin/sh;
			shellScript = "diff \"${PODS_PODFILE_DIR_PATH}/Podfile.lock\" \"${PODS_ROOT}/Manifest.lock\" > /dev/null\nif [ $? != 0 ] ; then\n    # print error to STDERR\n    echo \"error: The sandbox is not in sync with the Podfile.lock. Run 'pod install' or update your CocoaPods installation.\" >&2\n    exit 1\nfi\n# This output is used by Xcode 'outputs' to avoid re-running this script phase.\necho \"SUCCESS\" > \"${SCRIPT_OUTPUT_FILE_0}\"\n";
			showEnvVarsInLog = 0;
		};
		356ED995D1D6F5E543ECC12C /* [CP] Check Pods Manifest.lock */ = {
			isa = PBXShellScriptBuildPhase;
			buildActionMask = 2147483647;
			files = (
			);
			inputFileListPaths = (
			);
			inputPaths = (
				"${PODS_PODFILE_DIR_PATH}/Podfile.lock",
				"${PODS_ROOT}/Manifest.lock",
			);
			name = "[CP] Check Pods Manifest.lock";
			outputFileListPaths = (
			);
			outputPaths = (
				"$(DERIVED_FILE_DIR)/Pods-PokedexTests-checkManifestLockResult.txt",
			);
			runOnlyForDeploymentPostprocessing = 0;
			shellPath = /bin/sh;
			shellScript = "diff \"${PODS_PODFILE_DIR_PATH}/Podfile.lock\" \"${PODS_ROOT}/Manifest.lock\" > /dev/null\nif [ $? != 0 ] ; then\n    # print error to STDERR\n    echo \"error: The sandbox is not in sync with the Podfile.lock. Run 'pod install' or update your CocoaPods installation.\" >&2\n    exit 1\nfi\n# This output is used by Xcode 'outputs' to avoid re-running this script phase.\necho \"SUCCESS\" > \"${SCRIPT_OUTPUT_FILE_0}\"\n";
			showEnvVarsInLog = 0;
		};
		46771F3F306D4A49DD99A269 /* [CP] Check Pods Manifest.lock */ = {
			isa = PBXShellScriptBuildPhase;
			buildActionMask = 2147483647;
			files = (
			);
			inputFileListPaths = (
			);
			inputPaths = (
				"${PODS_PODFILE_DIR_PATH}/Podfile.lock",
				"${PODS_ROOT}/Manifest.lock",
			);
			name = "[CP] Check Pods Manifest.lock";
			outputFileListPaths = (
			);
			outputPaths = (
				"$(DERIVED_FILE_DIR)/Pods-Pokedex-PokedexUITests-checkManifestLockResult.txt",
			);
			runOnlyForDeploymentPostprocessing = 0;
			shellPath = /bin/sh;
			shellScript = "diff \"${PODS_PODFILE_DIR_PATH}/Podfile.lock\" \"${PODS_ROOT}/Manifest.lock\" > /dev/null\nif [ $? != 0 ] ; then\n    # print error to STDERR\n    echo \"error: The sandbox is not in sync with the Podfile.lock. Run 'pod install' or update your CocoaPods installation.\" >&2\n    exit 1\nfi\n# This output is used by Xcode 'outputs' to avoid re-running this script phase.\necho \"SUCCESS\" > \"${SCRIPT_OUTPUT_FILE_0}\"\n";
			showEnvVarsInLog = 0;
		};
		6673DBACCAF51594C2B31D5A /* [CP] Embed Pods Frameworks */ = {
			isa = PBXShellScriptBuildPhase;
			buildActionMask = 2147483647;
			files = (
			);
			inputFileListPaths = (
				"${PODS_ROOT}/Target Support Files/Pods-Pokedex-PokedexUITests/Pods-Pokedex-PokedexUITests-frameworks-${CONFIGURATION}-input-files.xcfilelist",
			);
			name = "[CP] Embed Pods Frameworks";
			outputFileListPaths = (
				"${PODS_ROOT}/Target Support Files/Pods-Pokedex-PokedexUITests/Pods-Pokedex-PokedexUITests-frameworks-${CONFIGURATION}-output-files.xcfilelist",
			);
			runOnlyForDeploymentPostprocessing = 0;
			shellPath = /bin/sh;
			shellScript = "\"${PODS_ROOT}/Target Support Files/Pods-Pokedex-PokedexUITests/Pods-Pokedex-PokedexUITests-frameworks.sh\"\n";
			showEnvVarsInLog = 0;
		};
		EC327F7DEB50CF9FDB481268 /* [CP] Embed Pods Frameworks */ = {
			isa = PBXShellScriptBuildPhase;
			buildActionMask = 2147483647;
			files = (
			);
			inputFileListPaths = (
				"${PODS_ROOT}/Target Support Files/Pods-Pokedex/Pods-Pokedex-frameworks-${CONFIGURATION}-input-files.xcfilelist",
			);
			name = "[CP] Embed Pods Frameworks";
			outputFileListPaths = (
				"${PODS_ROOT}/Target Support Files/Pods-Pokedex/Pods-Pokedex-frameworks-${CONFIGURATION}-output-files.xcfilelist",
			);
			runOnlyForDeploymentPostprocessing = 0;
			shellPath = /bin/sh;
			shellScript = "\"${PODS_ROOT}/Target Support Files/Pods-Pokedex/Pods-Pokedex-frameworks.sh\"\n";
			showEnvVarsInLog = 0;
		};
/* End PBXShellScriptBuildPhase section */

/* Begin PBXSourcesBuildPhase section */
		31922F382C001C4A00F9F032 /* Sources */ = {
			isa = PBXSourcesBuildPhase;
			buildActionMask = 2147483647;
			files = (
				317D168D2C02002A0092AFA1 /* PokedexPokemonBadge.swift in Sources */,
				31E505F22C0950BB0020E0A3 /* GenerationTab.swift in Sources */,
				317130942C1E079200601017 /* PokemonPage.swift in Sources */,
				317D16A72C0294DE0092AFA1 /* ApolloClient.swift in Sources */,
				31835A7F2C3497C70047D414 /* PokemonStatEntity.swift in Sources */,
				31835A712C3494D30047D414 /* Pokemon_v2_pokemonstat.graphql.swift in Sources */,
				316C3A182C03D848008951CC /* SchemaMetadata.graphql.swift in Sources */,
				317D169B2C024B3F0092AFA1 /* GetPokemonHeightColor.swift in Sources */,
				317D16992C024ACF0092AFA1 /* PokemonHeight.swift in Sources */,
				316A8EDC2C3C9DFB00BE2506 /* GetPercentageLabel.swift in Sources */,
				31835A6D2C3494D30047D414 /* Pokemon_v2_pokemonspeciesflavortext.graphql.swift in Sources */,
				31835A6C2C3494D30047D414 /* Pokemon_v2_pokemonspecies.graphql.swift in Sources */,
				31835A772C3494D30047D414 /* Pokemon_v2_version.graphql.swift in Sources */,
				31835A7D2C3494D30047D414 /* Pokemon_v2_egggroup.graphql.swift in Sources */,
				310CE5AC2C0AB387006BADA3 /* FilterTab.swift in Sources */,
				31A389D22C320D410040E24A /* PokemonTabButton.swift in Sources */,
				317D16A42C0293930092AFA1 /* PokemonListItem.swift in Sources */,
				319BB0E62C0149E000A43AC4 /* PokedexInput.swift in Sources */,
				310CE5AA2C0AA42B006BADA3 /* SortTab.swift in Sources */,
				317D16972C024A410092AFA1 /* PokemonWeight.swift in Sources */,
				3125988B2C0603AE0036D5F8 /* GetPokemonBackgroundColor.swift in Sources */,
				31A389D82C3218580040E24A /* PokemonEvolutionTab.swift in Sources */,
				316C3A192C03D848008951CC /* PokeAPI.graphql.swift in Sources */,
				31835A742C3494D30047D414 /* Pokemon_v2_pokemonegggroup.graphql.swift in Sources */,
				312598952C06B0E90036D5F8 /* HomeController.swift in Sources */,
				316E022F2C226F95006AE206 /* OnceAppear.swift in Sources */,
				31835A7C2C3494D30047D414 /* Pokemon_v2_encounter.graphql.swift in Sources */,
				316F91702C0BBAA500108B2A /* FilterParemetersEntity.swift in Sources */,
				317D16922C0236820092AFA1 /* PokedexIconButton.swift in Sources */,
				3125988F2C069AE70036D5F8 /* GetPokemonsByGenerationUseCase.swift in Sources */,
				316CD6EE2C1BC82A00B8AE9B /* GetPokemonDamageRelation.swift in Sources */,
				31DF2AC72C057298009C134A /* PokemonDataSourceImpl.swift in Sources */,
				31835A702C3494D30047D414 /* Pokemon_v2_ability.graphql.swift in Sources */,
				31835A7A2C3494D30047D414 /* Pokemon_v2_stat.graphql.swift in Sources */,
				31A389D62C3218270040E24A /* PokemonStatsTab.swift in Sources */,
				31E505F42C0952A40020E0A3 /* PokemonGeneration.swift in Sources */,
				31835A782C3494D30047D414 /* Pokemon_v2_pokemon.graphql.swift in Sources */,
				3170650D2C32F834002E1777 /* GetDamageRelationLabel.swift in Sources */,
				316C3A0E2C03D848008951CC /* GetPokemonsByGenerationQuery.graphql.swift in Sources */,
				319913952C093B6600DACFF6 /* LoadingState.swift in Sources */,
				319BB0E82C01683E00A43AC4 /* PokedexRangeSlider.swift in Sources */,
				312598922C069B270036D5F8 /* UseCase.swift in Sources */,
				31835A762C3494D30047D414 /* Pokemon_v2_pokemonevolution.graphql.swift in Sources */,
				31DF2AC22C056D0F009C134A /* PokemonDataSource.swift in Sources */,
				31922F772C0023A700F9F032 /* Typography.swift in Sources */,
				317D16A22C0253520092AFA1 /* GenerationButton.swift in Sources */,
				31835A732C3494D30047D414 /* Query_root.graphql.swift in Sources */,
				317130922C1E00DD00601017 /* PokemonCard.swift in Sources */,
				317D16902C0235010092AFA1 /* GetPokemonColor.swift in Sources */,
				31835A6F2C3494D30047D414 /* Pokemon_v2_generation.graphql.swift in Sources */,
				3170650F2C331CF1002E1777 /* PokemonEvolutionEntity.swift in Sources */,
				31922F402C001C4A00F9F032 /* PokedexApp.swift in Sources */,
				319BB0E42C01408E00A43AC4 /* PokedexButton.swift in Sources */,
				31835A722C3494D30047D414 /* Pokemon_v2_pokemontype.graphql.swift in Sources */,
				310CE5A82C0AA36F006BADA3 /* SortType.swift in Sources */,
				317D16952C024A020092AFA1 /* PokemonType.swift in Sources */,
				312598892C05F6E60036D5F8 /* String.swift in Sources */,
				317130D32C1FB99200601017 /* ScrollDetector.swift in Sources */,
				31A389DA2C321E570040E24A /* PokemonAboutTabLabelInfo.swift in Sources */,
				31835A752C3494D30047D414 /* Pokemon_v2_type.graphql.swift in Sources */,
				317D169D2C024C2D0092AFA1 /* GetPokemonWeightColor.swift in Sources */,
				31A389D42C3218190040E24A /* PokemonAboutTab.swift in Sources */,
				31835A792C3494D30047D414 /* Pokemon_v2_pokemonability.graphql.swift in Sources */,
				316C3A172C03D848008951CC /* SchemaConfiguration.swift in Sources */,
				3170650B2C32C820002E1777 /* PokemonBaseStatInfo.swift in Sources */,
				31DF2AC52C05716E009C134A /* PokemonEntity.swift in Sources */,
				31AF2E022C3988190064CBF8 /* PokemonAbilityEntity.swift in Sources */,
				31835A6E2C3494D30047D414 /* Pokemon_v2_growthrate.graphql.swift in Sources */,
				3177097B2C23C3D700AD60C2 /* StrokeText.swift in Sources */,
				312598972C06B40D0036D5F8 /* HomeView.swift in Sources */,
				31835A7B2C3494D30047D414 /* Pokemon_v2_evolutionchain.graphql.swift in Sources */,
			);
			runOnlyForDeploymentPostprocessing = 0;
		};
		31922F482C001C4B00F9F032 /* Sources */ = {
			isa = PBXSourcesBuildPhase;
			buildActionMask = 2147483647;
			files = (
				31922F512C001C4B00F9F032 /* PokedexTests.swift in Sources */,
			);
			runOnlyForDeploymentPostprocessing = 0;
		};
		31922F522C001C4B00F9F032 /* Sources */ = {
			isa = PBXSourcesBuildPhase;
			buildActionMask = 2147483647;
			files = (
				31922F5B2C001C4B00F9F032 /* PokedexUITests.swift in Sources */,
				31922F5D2C001C4B00F9F032 /* PokedexUITestsLaunchTests.swift in Sources */,
			);
			runOnlyForDeploymentPostprocessing = 0;
		};
/* End PBXSourcesBuildPhase section */

/* Begin PBXTargetDependency section */
		31922F4E2C001C4B00F9F032 /* PBXTargetDependency */ = {
			isa = PBXTargetDependency;
			target = 31922F3B2C001C4A00F9F032 /* Pokedex */;
			targetProxy = 31922F4D2C001C4B00F9F032 /* PBXContainerItemProxy */;
		};
		31922F582C001C4B00F9F032 /* PBXTargetDependency */ = {
			isa = PBXTargetDependency;
			target = 31922F3B2C001C4A00F9F032 /* Pokedex */;
			targetProxy = 31922F572C001C4B00F9F032 /* PBXContainerItemProxy */;
		};
/* End PBXTargetDependency section */

/* Begin XCBuildConfiguration section */
		31922F5E2C001C4B00F9F032 /* Debug */ = {
			isa = XCBuildConfiguration;
			buildSettings = {
				ALWAYS_SEARCH_USER_PATHS = NO;
				ASSETCATALOG_COMPILER_GENERATE_SWIFT_ASSET_SYMBOL_EXTENSIONS = YES;
				CLANG_ANALYZER_NONNULL = YES;
				CLANG_ANALYZER_NUMBER_OBJECT_CONVERSION = YES_AGGRESSIVE;
				CLANG_CXX_LANGUAGE_STANDARD = "gnu++20";
				CLANG_ENABLE_MODULES = YES;
				CLANG_ENABLE_OBJC_ARC = YES;
				CLANG_ENABLE_OBJC_WEAK = YES;
				CLANG_WARN_BLOCK_CAPTURE_AUTORELEASING = YES;
				CLANG_WARN_BOOL_CONVERSION = YES;
				CLANG_WARN_COMMA = YES;
				CLANG_WARN_CONSTANT_CONVERSION = YES;
				CLANG_WARN_DEPRECATED_OBJC_IMPLEMENTATIONS = YES;
				CLANG_WARN_DIRECT_OBJC_ISA_USAGE = YES_ERROR;
				CLANG_WARN_DOCUMENTATION_COMMENTS = YES;
				CLANG_WARN_EMPTY_BODY = YES;
				CLANG_WARN_ENUM_CONVERSION = YES;
				CLANG_WARN_INFINITE_RECURSION = YES;
				CLANG_WARN_INT_CONVERSION = YES;
				CLANG_WARN_NON_LITERAL_NULL_CONVERSION = YES;
				CLANG_WARN_OBJC_IMPLICIT_RETAIN_SELF = YES;
				CLANG_WARN_OBJC_LITERAL_CONVERSION = YES;
				CLANG_WARN_OBJC_ROOT_CLASS = YES_ERROR;
				CLANG_WARN_QUOTED_INCLUDE_IN_FRAMEWORK_HEADER = YES;
				CLANG_WARN_RANGE_LOOP_ANALYSIS = YES;
				CLANG_WARN_STRICT_PROTOTYPES = YES;
				CLANG_WARN_SUSPICIOUS_MOVE = YES;
				CLANG_WARN_UNGUARDED_AVAILABILITY = YES_AGGRESSIVE;
				CLANG_WARN_UNREACHABLE_CODE = YES;
				CLANG_WARN__DUPLICATE_METHOD_MATCH = YES;
				COPY_PHASE_STRIP = NO;
				DEBUG_INFORMATION_FORMAT = dwarf;
				ENABLE_STRICT_OBJC_MSGSEND = YES;
				ENABLE_TESTABILITY = YES;
				ENABLE_USER_SCRIPT_SANDBOXING = YES;
				GCC_C_LANGUAGE_STANDARD = gnu17;
				GCC_DYNAMIC_NO_PIC = NO;
				GCC_NO_COMMON_BLOCKS = YES;
				GCC_OPTIMIZATION_LEVEL = 0;
				GCC_PREPROCESSOR_DEFINITIONS = (
					"DEBUG=1",
					"$(inherited)",
				);
				GCC_WARN_64_TO_32_BIT_CONVERSION = YES;
				GCC_WARN_ABOUT_RETURN_TYPE = YES_ERROR;
				GCC_WARN_UNDECLARED_SELECTOR = YES;
				GCC_WARN_UNINITIALIZED_AUTOS = YES_AGGRESSIVE;
				GCC_WARN_UNUSED_FUNCTION = YES;
				GCC_WARN_UNUSED_VARIABLE = YES;
				IPHONEOS_DEPLOYMENT_TARGET = 17.5;
				LOCALIZATION_PREFERS_STRING_CATALOGS = YES;
				MTL_ENABLE_DEBUG_INFO = INCLUDE_SOURCE;
				MTL_FAST_MATH = YES;
				ONLY_ACTIVE_ARCH = YES;
				SDKROOT = iphoneos;
				SWIFT_ACTIVE_COMPILATION_CONDITIONS = "DEBUG $(inherited)";
				SWIFT_OPTIMIZATION_LEVEL = "-Onone";
			};
			name = Debug;
		};
		31922F5F2C001C4B00F9F032 /* Release */ = {
			isa = XCBuildConfiguration;
			buildSettings = {
				ALWAYS_SEARCH_USER_PATHS = NO;
				ASSETCATALOG_COMPILER_GENERATE_SWIFT_ASSET_SYMBOL_EXTENSIONS = YES;
				CLANG_ANALYZER_NONNULL = YES;
				CLANG_ANALYZER_NUMBER_OBJECT_CONVERSION = YES_AGGRESSIVE;
				CLANG_CXX_LANGUAGE_STANDARD = "gnu++20";
				CLANG_ENABLE_MODULES = YES;
				CLANG_ENABLE_OBJC_ARC = YES;
				CLANG_ENABLE_OBJC_WEAK = YES;
				CLANG_WARN_BLOCK_CAPTURE_AUTORELEASING = YES;
				CLANG_WARN_BOOL_CONVERSION = YES;
				CLANG_WARN_COMMA = YES;
				CLANG_WARN_CONSTANT_CONVERSION = YES;
				CLANG_WARN_DEPRECATED_OBJC_IMPLEMENTATIONS = YES;
				CLANG_WARN_DIRECT_OBJC_ISA_USAGE = YES_ERROR;
				CLANG_WARN_DOCUMENTATION_COMMENTS = YES;
				CLANG_WARN_EMPTY_BODY = YES;
				CLANG_WARN_ENUM_CONVERSION = YES;
				CLANG_WARN_INFINITE_RECURSION = YES;
				CLANG_WARN_INT_CONVERSION = YES;
				CLANG_WARN_NON_LITERAL_NULL_CONVERSION = YES;
				CLANG_WARN_OBJC_IMPLICIT_RETAIN_SELF = YES;
				CLANG_WARN_OBJC_LITERAL_CONVERSION = YES;
				CLANG_WARN_OBJC_ROOT_CLASS = YES_ERROR;
				CLANG_WARN_QUOTED_INCLUDE_IN_FRAMEWORK_HEADER = YES;
				CLANG_WARN_RANGE_LOOP_ANALYSIS = YES;
				CLANG_WARN_STRICT_PROTOTYPES = YES;
				CLANG_WARN_SUSPICIOUS_MOVE = YES;
				CLANG_WARN_UNGUARDED_AVAILABILITY = YES_AGGRESSIVE;
				CLANG_WARN_UNREACHABLE_CODE = YES;
				CLANG_WARN__DUPLICATE_METHOD_MATCH = YES;
				COPY_PHASE_STRIP = NO;
				DEBUG_INFORMATION_FORMAT = "dwarf-with-dsym";
				ENABLE_NS_ASSERTIONS = NO;
				ENABLE_STRICT_OBJC_MSGSEND = YES;
				ENABLE_USER_SCRIPT_SANDBOXING = YES;
				GCC_C_LANGUAGE_STANDARD = gnu17;
				GCC_NO_COMMON_BLOCKS = YES;
				GCC_WARN_64_TO_32_BIT_CONVERSION = YES;
				GCC_WARN_ABOUT_RETURN_TYPE = YES_ERROR;
				GCC_WARN_UNDECLARED_SELECTOR = YES;
				GCC_WARN_UNINITIALIZED_AUTOS = YES_AGGRESSIVE;
				GCC_WARN_UNUSED_FUNCTION = YES;
				GCC_WARN_UNUSED_VARIABLE = YES;
				IPHONEOS_DEPLOYMENT_TARGET = 17.5;
				LOCALIZATION_PREFERS_STRING_CATALOGS = YES;
				MTL_ENABLE_DEBUG_INFO = NO;
				MTL_FAST_MATH = YES;
				SDKROOT = iphoneos;
				SWIFT_COMPILATION_MODE = wholemodule;
				VALIDATE_PRODUCT = YES;
			};
			name = Release;
		};
		31922F612C001C4B00F9F032 /* Debug */ = {
			isa = XCBuildConfiguration;
			baseConfigurationReference = 853B7CD3F7A2A9579BE0EBCC /* Pods-Pokedex.debug.xcconfig */;
			buildSettings = {
				ASSETCATALOG_COMPILER_APPICON_NAME = AppIcon;
				ASSETCATALOG_COMPILER_GLOBAL_ACCENT_COLOR_NAME = AccentColor;
				ASSETCATALOG_COMPILER_INCLUDE_ALL_APPICON_ASSETS = NO;
				CODE_SIGN_STYLE = Automatic;
				CURRENT_PROJECT_VERSION = 1;
				DEVELOPMENT_ASSET_PATHS = "\"Pokedex/Resources/Preview Content\"";
				DEVELOPMENT_TEAM = WJAZ3XSD4V;
				ENABLE_PREVIEWS = YES;
				ENABLE_USER_SCRIPT_SANDBOXING = NO;
				GENERATE_INFOPLIST_FILE = YES;
				INFOPLIST_FILE = Pokedex/Info.plist;
				INFOPLIST_KEY_UIApplicationSceneManifest_Generation = YES;
				INFOPLIST_KEY_UIApplicationSupportsIndirectInputEvents = YES;
				INFOPLIST_KEY_UILaunchStoryboardName = LaunchScreen.storyboard;
				INFOPLIST_KEY_UISupportedInterfaceOrientations = UIInterfaceOrientationPortrait;
				INFOPLIST_KEY_UISupportedInterfaceOrientations_iPad = "UIInterfaceOrientationLandscapeLeft UIInterfaceOrientationLandscapeRight UIInterfaceOrientationPortrait UIInterfaceOrientationPortraitUpsideDown";
				INFOPLIST_KEY_UIUserInterfaceStyle = Light;
				LD_RUNPATH_SEARCH_PATHS = (
					"$(inherited)",
					"@executable_path/Frameworks",
				);
				MARKETING_VERSION = 1.0;
				PRODUCT_BUNDLE_IDENTIFIER = br.com.jao.app.Pokedex;
				PRODUCT_NAME = "$(TARGET_NAME)";
				SWIFT_EMIT_LOC_STRINGS = YES;
				SWIFT_VERSION = 5.0;
				TARGETED_DEVICE_FAMILY = 1;
			};
			name = Debug;
		};
		31922F622C001C4B00F9F032 /* Release */ = {
			isa = XCBuildConfiguration;
			baseConfigurationReference = C9894D7767CFAF1D5113B0DD /* Pods-Pokedex.release.xcconfig */;
			buildSettings = {
				ASSETCATALOG_COMPILER_APPICON_NAME = AppIcon;
				ASSETCATALOG_COMPILER_GLOBAL_ACCENT_COLOR_NAME = AccentColor;
				ASSETCATALOG_COMPILER_INCLUDE_ALL_APPICON_ASSETS = NO;
				CODE_SIGN_STYLE = Automatic;
				CURRENT_PROJECT_VERSION = 1;
				DEVELOPMENT_ASSET_PATHS = "\"Pokedex/Resources/Preview Content\"";
				DEVELOPMENT_TEAM = WJAZ3XSD4V;
				ENABLE_PREVIEWS = YES;
				ENABLE_USER_SCRIPT_SANDBOXING = NO;
				GENERATE_INFOPLIST_FILE = YES;
				INFOPLIST_FILE = Pokedex/Info.plist;
				INFOPLIST_KEY_UIApplicationSceneManifest_Generation = YES;
				INFOPLIST_KEY_UIApplicationSupportsIndirectInputEvents = YES;
				INFOPLIST_KEY_UILaunchStoryboardName = LaunchScreen.storyboard;
				INFOPLIST_KEY_UISupportedInterfaceOrientations = UIInterfaceOrientationPortrait;
				INFOPLIST_KEY_UISupportedInterfaceOrientations_iPad = "UIInterfaceOrientationLandscapeLeft UIInterfaceOrientationLandscapeRight UIInterfaceOrientationPortrait UIInterfaceOrientationPortraitUpsideDown";
				INFOPLIST_KEY_UIUserInterfaceStyle = Light;
				LD_RUNPATH_SEARCH_PATHS = (
					"$(inherited)",
					"@executable_path/Frameworks",
				);
				MARKETING_VERSION = 1.0;
				PRODUCT_BUNDLE_IDENTIFIER = br.com.jao.app.Pokedex;
				PRODUCT_NAME = "$(TARGET_NAME)";
				SWIFT_EMIT_LOC_STRINGS = YES;
				SWIFT_VERSION = 5.0;
				TARGETED_DEVICE_FAMILY = 1;
			};
			name = Release;
		};
		31922F642C001C4B00F9F032 /* Debug */ = {
			isa = XCBuildConfiguration;
			baseConfigurationReference = 0686791F6AB1820257F90A59 /* Pods-PokedexTests.debug.xcconfig */;
			buildSettings = {
				ALWAYS_EMBED_SWIFT_STANDARD_LIBRARIES = YES;
				BUNDLE_LOADER = "$(TEST_HOST)";
				CODE_SIGN_STYLE = Automatic;
				CURRENT_PROJECT_VERSION = 1;
				DEVELOPMENT_TEAM = WJAZ3XSD4V;
				ENABLE_USER_SCRIPT_SANDBOXING = NO;
				GENERATE_INFOPLIST_FILE = YES;
				IPHONEOS_DEPLOYMENT_TARGET = 17.5;
				MARKETING_VERSION = 1.0;
				PRODUCT_BUNDLE_IDENTIFIER = br.com.jao.app.PokedexTests;
				PRODUCT_NAME = "$(TARGET_NAME)";
				SWIFT_EMIT_LOC_STRINGS = NO;
				SWIFT_VERSION = 5.0;
				TARGETED_DEVICE_FAMILY = "1,2";
				TEST_HOST = "$(BUILT_PRODUCTS_DIR)/Pokedex.app/$(BUNDLE_EXECUTABLE_FOLDER_PATH)/Pokedex";
			};
			name = Debug;
		};
		31922F652C001C4B00F9F032 /* Release */ = {
			isa = XCBuildConfiguration;
			baseConfigurationReference = 379CA168E3860CE6FFA47267 /* Pods-PokedexTests.release.xcconfig */;
			buildSettings = {
				ALWAYS_EMBED_SWIFT_STANDARD_LIBRARIES = YES;
				BUNDLE_LOADER = "$(TEST_HOST)";
				CODE_SIGN_STYLE = Automatic;
				CURRENT_PROJECT_VERSION = 1;
				DEVELOPMENT_TEAM = WJAZ3XSD4V;
				ENABLE_USER_SCRIPT_SANDBOXING = NO;
				GENERATE_INFOPLIST_FILE = YES;
				IPHONEOS_DEPLOYMENT_TARGET = 17.5;
				MARKETING_VERSION = 1.0;
				PRODUCT_BUNDLE_IDENTIFIER = br.com.jao.app.PokedexTests;
				PRODUCT_NAME = "$(TARGET_NAME)";
				SWIFT_EMIT_LOC_STRINGS = NO;
				SWIFT_VERSION = 5.0;
				TARGETED_DEVICE_FAMILY = "1,2";
				TEST_HOST = "$(BUILT_PRODUCTS_DIR)/Pokedex.app/$(BUNDLE_EXECUTABLE_FOLDER_PATH)/Pokedex";
			};
			name = Release;
		};
		31922F672C001C4B00F9F032 /* Debug */ = {
			isa = XCBuildConfiguration;
			baseConfigurationReference = 2AAD0F598E74946771F6B466 /* Pods-Pokedex-PokedexUITests.debug.xcconfig */;
			buildSettings = {
				ALWAYS_EMBED_SWIFT_STANDARD_LIBRARIES = YES;
				CODE_SIGN_STYLE = Automatic;
				CURRENT_PROJECT_VERSION = 1;
				DEVELOPMENT_TEAM = WJAZ3XSD4V;
				ENABLE_USER_SCRIPT_SANDBOXING = NO;
				GENERATE_INFOPLIST_FILE = YES;
				MARKETING_VERSION = 1.0;
				PRODUCT_BUNDLE_IDENTIFIER = br.com.jao.app.PokedexUITests;
				PRODUCT_NAME = "$(TARGET_NAME)";
				SWIFT_EMIT_LOC_STRINGS = NO;
				SWIFT_VERSION = 5.0;
				TARGETED_DEVICE_FAMILY = "1,2";
				TEST_TARGET_NAME = Pokedex;
			};
			name = Debug;
		};
		31922F682C001C4B00F9F032 /* Release */ = {
			isa = XCBuildConfiguration;
			baseConfigurationReference = 207C7DD6FD78212B620508E6 /* Pods-Pokedex-PokedexUITests.release.xcconfig */;
			buildSettings = {
				ALWAYS_EMBED_SWIFT_STANDARD_LIBRARIES = YES;
				CODE_SIGN_STYLE = Automatic;
				CURRENT_PROJECT_VERSION = 1;
				DEVELOPMENT_TEAM = WJAZ3XSD4V;
				ENABLE_USER_SCRIPT_SANDBOXING = NO;
				GENERATE_INFOPLIST_FILE = YES;
				MARKETING_VERSION = 1.0;
				PRODUCT_BUNDLE_IDENTIFIER = br.com.jao.app.PokedexUITests;
				PRODUCT_NAME = "$(TARGET_NAME)";
				SWIFT_EMIT_LOC_STRINGS = NO;
				SWIFT_VERSION = 5.0;
				TARGETED_DEVICE_FAMILY = "1,2";
				TEST_TARGET_NAME = Pokedex;
			};
			name = Release;
		};
/* End XCBuildConfiguration section */

/* Begin XCConfigurationList section */
		31922F372C001C4A00F9F032 /* Build configuration list for PBXProject "Pokedex" */ = {
			isa = XCConfigurationList;
			buildConfigurations = (
				31922F5E2C001C4B00F9F032 /* Debug */,
				31922F5F2C001C4B00F9F032 /* Release */,
			);
			defaultConfigurationIsVisible = 0;
			defaultConfigurationName = Release;
		};
		31922F602C001C4B00F9F032 /* Build configuration list for PBXNativeTarget "Pokedex" */ = {
			isa = XCConfigurationList;
			buildConfigurations = (
				31922F612C001C4B00F9F032 /* Debug */,
				31922F622C001C4B00F9F032 /* Release */,
			);
			defaultConfigurationIsVisible = 0;
			defaultConfigurationName = Release;
		};
		31922F632C001C4B00F9F032 /* Build configuration list for PBXNativeTarget "PokedexTests" */ = {
			isa = XCConfigurationList;
			buildConfigurations = (
				31922F642C001C4B00F9F032 /* Debug */,
				31922F652C001C4B00F9F032 /* Release */,
			);
			defaultConfigurationIsVisible = 0;
			defaultConfigurationName = Release;
		};
		31922F662C001C4B00F9F032 /* Build configuration list for PBXNativeTarget "PokedexUITests" */ = {
			isa = XCConfigurationList;
			buildConfigurations = (
				31922F672C001C4B00F9F032 /* Debug */,
				31922F682C001C4B00F9F032 /* Release */,
			);
			defaultConfigurationIsVisible = 0;
			defaultConfigurationName = Release;
		};
/* End XCConfigurationList section */
	};
	rootObject = 31922F342C001C4A00F9F032 /* Project object */;
}
